
Microsoft Visual Studio Solution File, Format Version 12.00
# Visual Studio Version 17
VisualStudioVersion = 17.11.35327.3
MinimumVisualStudioVersion = 10.0.40219.1
Project("{FAE04EC0-301F-11D3-BF4B-00C04F79EFBC}") = "player_stats-1.2", "player_stats-1.2\player_stats-1.2.csproj", "{15FDE0D6-F2ED-463C-8B53-3F0E5BB2DBE6}"
EndProject
Global
	GlobalSection(SolutionConfigurationPlatforms) = preSolution
		Debug|Any CPU = Debug|Any CPU
		Release|Any CPU = Release|Any CPU
	EndGlobalSection
	GlobalSection(ProjectConfigurationPlatforms) = postSolution
		{15FDE0D6-F2ED-463C-8B53-3F0E5BB2DBE6}.Debug|Any CPU.ActiveCfg = Debug|Any CPU
		{15FDE0D6-F2ED-463C-8B53-3F0E5BB2DBE6}.Debug|Any CPU.Build.0 = Debug|Any CPU
		{15FDE0D6-F2ED-463C-8B53-3F0E5BB2DBE6}.Release|Any CPU.ActiveCfg = Release|Any CPU
		{15FDE0D6-F2ED-463C-8B53-3F0E5BB2DBE6}.Release|Any CPU.Build.0 = Release|Any CPU
	EndGlobalSection
	GlobalSection(SolutionProperties) = preSolution
		HideSolutionNode = FALSE
	EndGlobalSection
	GlobalSection(ExtensibilityGlobals) = postSolution
		SolutionGuid = {43331BB5-8E98-4812-8ECC-F86BFB77E191}
	EndGlobalSection
EndGlobal
